
Microsoft Visual Studio Solution File, Format Version 12.00
# Visual Studio Version 16
VisualStudioVersion = 16.0.31702.278
MinimumVisualStudioVersion = 10.0.40219.1
Project("{FAE04EC0-301F-11D3-BF4B-00C04F79EFBC}") = "Calc20WpfApp", "Calc20WpfApp\Calc20WpfApp.csproj", "{991A3218-0B47-41F4-AF75-420F65F57F38}"
EndProject
Global
	GlobalSection(SolutionConfigurationPlatforms) = preSolution
		Debug|Any CPU = Debug|Any CPU
		Release|Any CPU = Release|Any CPU
	EndGlobalSection
	GlobalSection(ProjectConfigurationPlatforms) = postSolution
		{991A3218-0B47-41F4-AF75-420F65F57F38}.Debug|Any CPU.ActiveCfg = Debug|Any CPU
		{991A3218-0B47-41F4-AF75-420F65F57F38}.Debug|Any CPU.Build.0 = Debug|Any CPU
		{991A3218-0B47-41F4-AF75-420F65F57F38}.Release|Any CPU.ActiveCfg = Release|Any CPU
		{991A3218-0B47-41F4-AF75-420F65F57F38}.Release|Any CPU.Build.0 = Release|Any CPU
	EndGlobalSection
	GlobalSection(SolutionProperties) = preSolution
		HideSolutionNode = FALSE
	EndGlobalSection
	GlobalSection(ExtensibilityGlobals) = postSolution
		SolutionGuid = {214DDBE2-72C8-4EAC-9A72-F8B472533812}
	EndGlobalSection
EndGlobal
